
Microsoft Visual Studio Solution File, Format Version 12.00
# Visual Studio Version 17
VisualStudioVersion = 17.14.36119.2 d17.14
MinimumVisualStudioVersion = 10.0.40219.1
Project("{FAE04EC0-301F-11D3-BF4B-00C04F79EFBC}") = "ResetNetworkAdapter", "ResetNetworkAdapter.csproj", "{12832D84-7031-4DD8-9568-A1BFDB6E1EA0}"
EndProject
Global
	GlobalSection(SolutionConfigurationPlatforms) = preSolution
		Debug|Any CPU = Debug|Any CPU
		Release|Any CPU = Release|Any CPU
	EndGlobalSection
	GlobalSection(ProjectConfigurationPlatforms) = postSolution
		{12832D84-7031-4DD8-9568-A1BFDB6E1EA0}.Debug|Any CPU.ActiveCfg = Debug|Any CPU
		{12832D84-7031-4DD8-9568-A1BFDB6E1EA0}.Debug|Any CPU.Build.0 = Debug|Any CPU
		{12832D84-7031-4DD8-9568-A1BFDB6E1EA0}.Release|Any CPU.ActiveCfg = Release|Any CPU
		{12832D84-7031-4DD8-9568-A1BFDB6E1EA0}.Release|Any CPU.Build.0 = Release|Any CPU
	EndGlobalSection
	GlobalSection(SolutionProperties) = preSolution
		HideSolutionNode = FALSE
	EndGlobalSection
	GlobalSection(ExtensibilityGlobals) = postSolution
		SolutionGuid = {DCB91214-177D-4B84-AC76-5B026D5E9D12}
	EndGlobalSection
EndGlobal
